
Microsoft Visual Studio Solution File, Format Version 12.00
# Visual Studio Version 16
VisualStudioVersion = 25.0.1706.7
MinimumVisualStudioVersion = 10.0.40219.1
Project("{FAE04EC0-301F-11D3-BF4B-00C04F79EFBC}") = "TEST_DINET", "TEST_DINET\TEST_DINET.csproj", "{1A4715EB-E69A-4A8F-9092-EF9BE98486CA}"
EndProject
Global
	GlobalSection(SolutionConfigurationPlatforms) = preSolution
		Debug|Any CPU = Debug|Any CPU
		Release|Any CPU = Release|Any CPU
	EndGlobalSection
	GlobalSection(ProjectConfigurationPlatforms) = postSolution
		{1A4715EB-E69A-4A8F-9092-EF9BE98486CA}.Debug|Any CPU.ActiveCfg = Debug|Any CPU
		{1A4715EB-E69A-4A8F-9092-EF9BE98486CA}.Debug|Any CPU.Build.0 = Debug|Any CPU
		{1A4715EB-E69A-4A8F-9092-EF9BE98486CA}.Release|Any CPU.ActiveCfg = Release|Any CPU
		{1A4715EB-E69A-4A8F-9092-EF9BE98486CA}.Release|Any CPU.Build.0 = Release|Any CPU
	EndGlobalSection
	GlobalSection(SolutionProperties) = preSolution
		HideSolutionNode = FALSE
	EndGlobalSection
	GlobalSection(ExtensibilityGlobals) = postSolution
		SolutionGuid = {691946EE-6AD2-4AD5-B411-ABD9081F9D69}
	EndGlobalSection
EndGlobal
